{
  "name": "google-taxonomy-matcher",
  "version": "1.0.0",
  "lockfileVersion": 1,
  "requires": true,
  "dependencies": {
    "minisearch": {
      "version": "2.5.1",
      "resolved": "https://registry.npmjs.org/minisearch/-/minisearch-2.5.1.tgz",
      "integrity": "sha512-OueBANp0lQnlTZJDEOcBwCsOeM892+m9jbN2xOIsordR3nBhmG000Gw2PRFq9/wB/zwSA/3EeJNR6E6fUYbEQg=="
    },
    "prettier": {
      "version": "2.6.2",
      "resolved": "https://registry.npmjs.org/prettier/-/prettier-2.6.2.tgz",
      "integrity": "sha512-PkUpF+qoXTqhOeWL9fu7As8LXsIUZ1WYaJiY/a7McAQzxjk82OF0tibkFXVCDImZtWxbvojFjerkiLb0/q8mew=="
    },
    "typescript": {
      "version": "4.6.3",
      "resolved": "https://registry.npmjs.org/typescript/-/typescript-4.6.3.tgz",
      "integrity": "sha512-yNIatDa5iaofVozS/uQJEl3JRWLKKGJKh6Yaiv0GLGSuhpFJe7P3SbHZ8/yjAHRQwKRoA6YZqlfjXWmVzoVSMw=="
    }
  }
}
